
Microsoft Visual Studio Solution File, Format Version 12.00
# Visual Studio Version 17
VisualStudioVersion = 17.6.33815.320
MinimumVisualStudioVersion = 10.0.40219.1
Project("{2150E333-8FDC-42A3-9474-1A3956D46DE8}") = "Game", "Game", "{F7439886-2903-48FC-8A7F-41C87CD637C9}"
EndProject
Project("{2150E333-8FDC-42A3-9474-1A3956D46DE8}") = "Engine", "Engine", "{0860684B-A36D-4EA3-BC5A-A410203A4092}"
EndProject
Project("{8BC9CEB8-8B4A-11D0-8D11-00A0C91BC942}") = "Audio", "Source\Engine\Audio\Audio.vcxproj", "{28654EC6-839B-48A0-94ED-28788507558A}"
EndProject
Project("{8BC9CEB8-8B4A-11D0-8D11-00A0C91BC942}") = "Core", "Source\Engine\Core\Core.vcxproj", "{2E09A753-3084-4C98-A6B2-EAB18911A2F7}"
EndProject
Project("{8BC9CEB8-8B4A-11D0-8D11-00A0C91BC942}") = "FrameWork", "Source\Engine\FrameWork\FrameWork.vcxproj", "{C1AEF47C-4EB8-401A-8305-52D6BAA3D09D}"
EndProject
Project("{8BC9CEB8-8B4A-11D0-8D11-00A0C91BC942}") = "Input", "Source\Engine\Input\Input.vcxproj", "{16DCDC8C-5886-4500-9272-A0BF51E3C059}"
EndProject
Project("{8BC9CEB8-8B4A-11D0-8D11-00A0C91BC942}") = "Renderer", "Source\Engine\Renderer\Renderer.vcxproj", "{D8045EBA-C47C-44D7-AD20-0B3DBCCDF3AD}"
EndProject
Project("{8BC9CEB8-8B4A-11D0-8D11-00A0C91BC942}") = "Game", "Source\Game\Game\Game.vcxproj", "{263A328F-E0A4-428A-BB57-8EFDE6EE00B0}"
EndProject
Project("{8BC9CEB8-8B4A-11D0-8D11-00A0C91BC942}") = "Physics", "Source\Engine\Physics\Physics.vcxproj", "{C4AE664B-5791-419B-84A3-24AC29C286A3}"
EndProject
Global
	GlobalSection(SolutionConfigurationPlatforms) = preSolution
		Debug|x64 = Debug|x64
		Debug|x86 = Debug|x86
		Release|x64 = Release|x64
		Release|x86 = Release|x86
	EndGlobalSection
	GlobalSection(ProjectConfigurationPlatforms) = postSolution
		{28654EC6-839B-48A0-94ED-28788507558A}.Debug|x64.ActiveCfg = Debug|x64
		{28654EC6-839B-48A0-94ED-28788507558A}.Debug|x64.Build.0 = Debug|x64
		{28654EC6-839B-48A0-94ED-28788507558A}.Debug|x86.ActiveCfg = Debug|Win32
		{28654EC6-839B-48A0-94ED-28788507558A}.Debug|x86.Build.0 = Debug|Win32
		{28654EC6-839B-48A0-94ED-28788507558A}.Release|x64.ActiveCfg = Release|x64
		{28654EC6-839B-48A0-94ED-28788507558A}.Release|x64.Build.0 = Release|x64
		{28654EC6-839B-48A0-94ED-28788507558A}.Release|x86.ActiveCfg = Release|Win32
		{28654EC6-839B-48A0-94ED-28788507558A}.Release|x86.Build.0 = Release|Win32
		{2E09A753-3084-4C98-A6B2-EAB18911A2F7}.Debug|x64.ActiveCfg = Debug|x64
		{2E09A753-3084-4C98-A6B2-EAB18911A2F7}.Debug|x64.Build.0 = Debug|x64
		{2E09A753-3084-4C98-A6B2-EAB18911A2F7}.Debug|x86.ActiveCfg = Debug|Win32
		{2E09A753-3084-4C98-A6B2-EAB18911A2F7}.Debug|x86.Build.0 = Debug|Win32
		{2E09A753-3084-4C98-A6B2-EAB18911A2F7}.Release|x64.ActiveCfg = Release|x64
		{2E09A753-3084-4C98-A6B2-EAB18911A2F7}.Release|x64.Build.0 = Release|x64
		{2E09A753-3084-4C98-A6B2-EAB18911A2F7}.Release|x86.ActiveCfg = Release|Win32
		{2E09A753-3084-4C98-A6B2-EAB18911A2F7}.Release|x86.Build.0 = Release|Win32
		{C1AEF47C-4EB8-401A-8305-52D6BAA3D09D}.Debug|x64.ActiveCfg = Debug|x64
		{C1AEF47C-4EB8-401A-8305-52D6BAA3D09D}.Debug|x64.Build.0 = Debug|x64
		{C1AEF47C-4EB8-401A-8305-52D6BAA3D09D}.Debug|x86.ActiveCfg = Debug|Win32
		{C1AEF47C-4EB8-401A-8305-52D6BAA3D09D}.Debug|x86.Build.0 = Debug|Win32
		{C1AEF47C-4EB8-401A-8305-52D6BAA3D09D}.Release|x64.ActiveCfg = Release|x64
		{C1AEF47C-4EB8-401A-8305-52D6BAA3D09D}.Release|x64.Build.0 = Release|x64
		{C1AEF47C-4EB8-401A-8305-52D6BAA3D09D}.Release|x86.ActiveCfg = Release|Win32
		{C1AEF47C-4EB8-401A-8305-52D6BAA3D09D}.Release|x86.Build.0 = Release|Win32
		{16DCDC8C-5886-4500-9272-A0BF51E3C059}.Debug|x64.ActiveCfg = Debug|x64
		{16DCDC8C-5886-4500-9272-A0BF51E3C059}.Debug|x64.Build.0 = Debug|x64
		{16DCDC8C-5886-4500-9272-A0BF51E3C059}.Debug|x86.ActiveCfg = Debug|Win32
		{16DCDC8C-5886-4500-9272-A0BF51E3C059}.Debug|x86.Build.0 = Debug|Win32
		{16DCDC8C-5886-4500-9272-A0BF51E3C059}.Release|x64.ActiveCfg = Release|x64
		{16DCDC8C-5886-4500-9272-A0BF51E3C059}.Release|x64.Build.0 = Release|x64
		{16DCDC8C-5886-4500-9272-A0BF51E3C059}.Release|x86.ActiveCfg = Release|Win32
		{16DCDC8C-5886-4500-9272-A0BF51E3C059}.Release|x86.Build.0 = Release|Win32
		{D8045EBA-C47C-44D7-AD20-0B3DBCCDF3AD}.Debug|x64.ActiveCfg = Debug|x64
		{D8045EBA-C47C-44D7-AD20-0B3DBCCDF3AD}.Debug|x64.Build.0 = Debug|x64
		{D8045EBA-C47C-44D7-AD20-0B3DBCCDF3AD}.Debug|x86.ActiveCfg = Debug|Win32
		{D8045EBA-C47C-44D7-AD20-0B3DBCCDF3AD}.Debug|x86.Build.0 = Debug|Win32
		{D8045EBA-C47C-44D7-AD20-0B3DBCCDF3AD}.Release|x64.ActiveCfg = Release|x64
		{D8045EBA-C47C-44D7-AD20-0B3DBCCDF3AD}.Release|x64.Build.0 = Release|x64
		{D8045EBA-C47C-44D7-AD20-0B3DBCCDF3AD}.Release|x86.ActiveCfg = Release|Win32
		{D8045EBA-C47C-44D7-AD20-0B3DBCCDF3AD}.Release|x86.Build.0 = Release|Win32
		{263A328F-E0A4-428A-BB57-8EFDE6EE00B0}.Debug|x64.ActiveCfg = Debug|x64
		{263A328F-E0A4-428A-BB57-8EFDE6EE00B0}.Debug|x64.Build.0 = Debug|x64
		{263A328F-E0A4-428A-BB57-8EFDE6EE00B0}.Debug|x86.ActiveCfg = Debug|Win32
		{263A328F-E0A4-428A-BB57-8EFDE6EE00B0}.Debug|x86.Build.0 = Debug|Win32
		{263A328F-E0A4-428A-BB57-8EFDE6EE00B0}.Release|x64.ActiveCfg = Release|x64
		{263A328F-E0A4-428A-BB57-8EFDE6EE00B0}.Release|x64.Build.0 = Release|x64
		{263A328F-E0A4-428A-BB57-8EFDE6EE00B0}.Release|x86.ActiveCfg = Release|Win32
		{263A328F-E0A4-428A-BB57-8EFDE6EE00B0}.Release|x86.Build.0 = Release|Win32
		{C4AE664B-5791-419B-84A3-24AC29C286A3}.Debug|x64.ActiveCfg = Debug|x64
		{C4AE664B-5791-419B-84A3-24AC29C286A3}.Debug|x64.Build.0 = Debug|x64
		{C4AE664B-5791-419B-84A3-24AC29C286A3}.Debug|x86.ActiveCfg = Debug|Win32
		{C4AE664B-5791-419B-84A3-24AC29C286A3}.Debug|x86.Build.0 = Debug|Win32
		{C4AE664B-5791-419B-84A3-24AC29C286A3}.Release|x64.ActiveCfg = Release|x64
		{C4AE664B-5791-419B-84A3-24AC29C286A3}.Release|x64.Build.0 = Release|x64
		{C4AE664B-5791-419B-84A3-24AC29C286A3}.Release|x86.ActiveCfg = Release|Win32
		{C4AE664B-5791-419B-84A3-24AC29C286A3}.Release|x86.Build.0 = Release|Win32
	EndGlobalSection
	GlobalSection(SolutionProperties) = preSolution
		HideSolutionNode = FALSE
	EndGlobalSection
	GlobalSection(NestedProjects) = preSolution
		{28654EC6-839B-48A0-94ED-28788507558A} = {0860684B-A36D-4EA3-BC5A-A410203A4092}
		{2E09A753-3084-4C98-A6B2-EAB18911A2F7} = {0860684B-A36D-4EA3-BC5A-A410203A4092}
		{C1AEF47C-4EB8-401A-8305-52D6BAA3D09D} = {0860684B-A36D-4EA3-BC5A-A410203A4092}
		{16DCDC8C-5886-4500-9272-A0BF51E3C059} = {0860684B-A36D-4EA3-BC5A-A410203A4092}
		{D8045EBA-C47C-44D7-AD20-0B3DBCCDF3AD} = {0860684B-A36D-4EA3-BC5A-A410203A4092}
		{263A328F-E0A4-428A-BB57-8EFDE6EE00B0} = {F7439886-2903-48FC-8A7F-41C87CD637C9}
		{C4AE664B-5791-419B-84A3-24AC29C286A3} = {0860684B-A36D-4EA3-BC5A-A410203A4092}
	EndGlobalSection
	GlobalSection(ExtensibilityGlobals) = postSolution
		SolutionGuid = {19709638-C2CC-47BE-B72D-5E0AA25CAF5E}
	EndGlobalSection
EndGlobal
